
Microsoft Visual Studio Solution File, Format Version 12.00
# Visual Studio Version 17
VisualStudioVersion = 17.9.34607.119
MinimumVisualStudioVersion = 10.0.40219.1
Project("{FAE04EC0-301F-11D3-BF4B-00C04F79EFBC}") = "Exam02", "Exam02\Exam02.csproj", "{4FC07861-2A02-4953-B4A1-A36333FC0313}"
EndProject
Global
	GlobalSection(SolutionConfigurationPlatforms) = preSolution
		Debug|Any CPU = Debug|Any CPU
		Release|Any CPU = Release|Any CPU
	EndGlobalSection
	GlobalSection(ProjectConfigurationPlatforms) = postSolution
		{4FC07861-2A02-4953-B4A1-A36333FC0313}.Debug|Any CPU.ActiveCfg = Debug|Any CPU
		{4FC07861-2A02-4953-B4A1-A36333FC0313}.Debug|Any CPU.Build.0 = Debug|Any CPU
		{4FC07861-2A02-4953-B4A1-A36333FC0313}.Release|Any CPU.ActiveCfg = Release|Any CPU
		{4FC07861-2A02-4953-B4A1-A36333FC0313}.Release|Any CPU.Build.0 = Release|Any CPU
	EndGlobalSection
	GlobalSection(SolutionProperties) = preSolution
		HideSolutionNode = FALSE
	EndGlobalSection
	GlobalSection(ExtensibilityGlobals) = postSolution
		SolutionGuid = {B0EAA496-A2F0-4EF1-9B10-23FF942F40AB}
	EndGlobalSection
EndGlobal
