
Microsoft Visual Studio Solution File, Format Version 12.00
# Visual Studio Version 17
VisualStudioVersion = 17.9.34607.119
MinimumVisualStudioVersion = 10.0.40219.1
Project("{FAE04EC0-301F-11D3-BF4B-00C04F79EFBC}") = "Exam", "Exam\Exam.csproj", "{38DB8446-CBDC-4923-A189-666387AEB275}"
EndProject
Global
	GlobalSection(SolutionConfigurationPlatforms) = preSolution
		Debug|Any CPU = Debug|Any CPU
		Release|Any CPU = Release|Any CPU
	EndGlobalSection
	GlobalSection(ProjectConfigurationPlatforms) = postSolution
		{38DB8446-CBDC-4923-A189-666387AEB275}.Debug|Any CPU.ActiveCfg = Debug|Any CPU
		{38DB8446-CBDC-4923-A189-666387AEB275}.Debug|Any CPU.Build.0 = Debug|Any CPU
		{38DB8446-CBDC-4923-A189-666387AEB275}.Release|Any CPU.ActiveCfg = Release|Any CPU
		{38DB8446-CBDC-4923-A189-666387AEB275}.Release|Any CPU.Build.0 = Release|Any CPU
	EndGlobalSection
	GlobalSection(SolutionProperties) = preSolution
		HideSolutionNode = FALSE
	EndGlobalSection
	GlobalSection(ExtensibilityGlobals) = postSolution
		SolutionGuid = {ED116BB4-C650-42D2-A80F-A87233CABCA0}
	EndGlobalSection
EndGlobal
